
Microsoft Visual Studio Solution File, Format Version 12.00
# Visual Studio Version 17
VisualStudioVersion = 17.14.36705.20
MinimumVisualStudioVersion = 10.0.40219.1
Project("{FAE04EC0-301F-11D3-BF4B-00C04F79EFBC}") = "HelpDesk.API", "HelpDesk.API\HelpDesk.API.csproj", "{78A40187-EB6E-418C-B6B0-049F9B307DCF}"
EndProject
Project("{FAE04EC0-301F-11D3-BF4B-00C04F79EFBC}") = "HelpDesk.Application", "HelpDesk.Application\HelpDesk.Application.csproj", "{C117D071-D266-4569-A6AC-6FB20BF7B31B}"
EndProject
Project("{FAE04EC0-301F-11D3-BF4B-00C04F79EFBC}") = "HelpDesk.Infrastructure", "HelpDesk.Infrastructure\HelpDesk.Infrastructure.csproj", "{35AFB014-A0EF-4C1D-874C-D4E6B19A4616}"
EndProject
Project("{FAE04EC0-301F-11D3-BF4B-00C04F79EFBC}") = "HelpDesk.Domain", "HelpDesk.Domain\HelpDesk.Domain.csproj", "{4D90320D-4825-4831-A726-54FFCBFEFBC0}"
EndProject
Project("{2150E333-8FDC-42A3-9474-1A3956D46DE8}") = "src", "src", "{02EA681E-C7D8-13C7-8484-4AC65E1B71E8}"
EndProject
Project("{2150E333-8FDC-42A3-9474-1A3956D46DE8}") = "02.Core", "02.Core", "{56651283-C89F-4BED-9149-6573FB5AA171}"
EndProject
Project("{2150E333-8FDC-42A3-9474-1A3956D46DE8}") = "03.Infrastructure", "03.Infrastructure", "{5093781A-3EBE-4C69-A5D3-7479F41FE650}"
EndProject
Project("{2150E333-8FDC-42A3-9474-1A3956D46DE8}") = "01.Presentation", "01.Presentation", "{75ED6EAD-6C1F-49E5-BF8C-8FB4ED7A5443}"
EndProject
Project("{FAE04EC0-301F-11D3-BF4B-00C04F79EFBC}") = "HelpDesk.ArchitectureTests", "HelpDesk.ArchitectureTests\HelpDesk.ArchitectureTests.csproj", "{C7057521-0525-FF04-6120-23E4BE7DBA90}"
EndProject
Project("{2150E333-8FDC-42A3-9474-1A3956D46DE8}") = "04.Tests", "04.Tests", "{25753147-C4AC-4036-A6F2-3440E976844D}"
EndProject
Global
	GlobalSection(SolutionConfigurationPlatforms) = preSolution
		Debug|Any CPU = Debug|Any CPU
		Release|Any CPU = Release|Any CPU
	EndGlobalSection
	GlobalSection(ProjectConfigurationPlatforms) = postSolution
		{78A40187-EB6E-418C-B6B0-049F9B307DCF}.Debug|Any CPU.ActiveCfg = Debug|Any CPU
		{78A40187-EB6E-418C-B6B0-049F9B307DCF}.Debug|Any CPU.Build.0 = Debug|Any CPU
		{78A40187-EB6E-418C-B6B0-049F9B307DCF}.Release|Any CPU.ActiveCfg = Release|Any CPU
		{78A40187-EB6E-418C-B6B0-049F9B307DCF}.Release|Any CPU.Build.0 = Release|Any CPU
		{C117D071-D266-4569-A6AC-6FB20BF7B31B}.Debug|Any CPU.ActiveCfg = Debug|Any CPU
		{C117D071-D266-4569-A6AC-6FB20BF7B31B}.Debug|Any CPU.Build.0 = Debug|Any CPU
		{C117D071-D266-4569-A6AC-6FB20BF7B31B}.Release|Any CPU.ActiveCfg = Release|Any CPU
		{C117D071-D266-4569-A6AC-6FB20BF7B31B}.Release|Any CPU.Build.0 = Release|Any CPU
		{35AFB014-A0EF-4C1D-874C-D4E6B19A4616}.Debug|Any CPU.ActiveCfg = Debug|Any CPU
		{35AFB014-A0EF-4C1D-874C-D4E6B19A4616}.Debug|Any CPU.Build.0 = Debug|Any CPU
		{35AFB014-A0EF-4C1D-874C-D4E6B19A4616}.Release|Any CPU.ActiveCfg = Release|Any CPU
		{35AFB014-A0EF-4C1D-874C-D4E6B19A4616}.Release|Any CPU.Build.0 = Release|Any CPU
		{4D90320D-4825-4831-A726-54FFCBFEFBC0}.Debug|Any CPU.ActiveCfg = Debug|Any CPU
		{4D90320D-4825-4831-A726-54FFCBFEFBC0}.Debug|Any CPU.Build.0 = Debug|Any CPU
		{4D90320D-4825-4831-A726-54FFCBFEFBC0}.Release|Any CPU.ActiveCfg = Release|Any CPU
		{4D90320D-4825-4831-A726-54FFCBFEFBC0}.Release|Any CPU.Build.0 = Release|Any CPU
		{C7057521-0525-FF04-6120-23E4BE7DBA90}.Debug|Any CPU.ActiveCfg = Debug|Any CPU
		{C7057521-0525-FF04-6120-23E4BE7DBA90}.Debug|Any CPU.Build.0 = Debug|Any CPU
		{C7057521-0525-FF04-6120-23E4BE7DBA90}.Release|Any CPU.ActiveCfg = Release|Any CPU
		{C7057521-0525-FF04-6120-23E4BE7DBA90}.Release|Any CPU.Build.0 = Release|Any CPU
	EndGlobalSection
	GlobalSection(SolutionProperties) = preSolution
		HideSolutionNode = FALSE
	EndGlobalSection
	GlobalSection(NestedProjects) = preSolution
		{78A40187-EB6E-418C-B6B0-049F9B307DCF} = {75ED6EAD-6C1F-49E5-BF8C-8FB4ED7A5443}
		{C117D071-D266-4569-A6AC-6FB20BF7B31B} = {56651283-C89F-4BED-9149-6573FB5AA171}
		{35AFB014-A0EF-4C1D-874C-D4E6B19A4616} = {5093781A-3EBE-4C69-A5D3-7479F41FE650}
		{4D90320D-4825-4831-A726-54FFCBFEFBC0} = {56651283-C89F-4BED-9149-6573FB5AA171}
		{56651283-C89F-4BED-9149-6573FB5AA171} = {02EA681E-C7D8-13C7-8484-4AC65E1B71E8}
		{5093781A-3EBE-4C69-A5D3-7479F41FE650} = {02EA681E-C7D8-13C7-8484-4AC65E1B71E8}
		{75ED6EAD-6C1F-49E5-BF8C-8FB4ED7A5443} = {02EA681E-C7D8-13C7-8484-4AC65E1B71E8}
		{C7057521-0525-FF04-6120-23E4BE7DBA90} = {25753147-C4AC-4036-A6F2-3440E976844D}
		{25753147-C4AC-4036-A6F2-3440E976844D} = {02EA681E-C7D8-13C7-8484-4AC65E1B71E8}
	EndGlobalSection
	GlobalSection(ExtensibilityGlobals) = postSolution
		SolutionGuid = {E604775D-0B7E-4704-A88E-AE98DE11B31D}
	EndGlobalSection
EndGlobal
